PODS:
  - Alamofire (4.6.0)
  - AlamofireImage (3.3.0):
    - Alamofire (~> 4.5)
  - SwiftSpinner (1.5.0)

DEPENDENCIES:
  - Alamofire
  - AlamofireImage
  - SwiftSpinner

SPEC CHECKSUMS:
  Alamofire: f41a599bd63041760b26d393ec1069d9d7b917f4
  AlamofireImage: 2e784dc5d00f04903a52c1d169181469c805c3df
  SwiftSpinner: 4c058c7a1d6b444dd2e1d70988ead40783097133

PODFILE CHECKSUM: 6bc7bfd7ebe2a959fbfc1528497d94223af0b6dd

COCOAPODS: 1.4.0
